Microsoft Visual Studio Solution File, Format Version 12.00
# Visual Studio 2012
Project("{FAE04EC0-301F-11D3-BF4B-00C04F79EFBC}") = "LMM-Driven Text RPG Engine", "LMM-Driven Text RPG Engine.csproj", "{DECE2F8A-749E-4597-BE68-156284E11C74}"
EndProject
Global
	GlobalSection(SolutionConfigurationPlatforms) = preSolution
	Debug|Any CPU = Debug|Any CPU
	ExportDebug|Any CPU = ExportDebug|Any CPU
	ExportRelease|Any CPU = ExportRelease|Any CPU
	EndGlobalSection
	GlobalSection(ProjectConfigurationPlatforms) = postSolution
		{DECE2F8A-749E-4597-BE68-156284E11C74}.Debug|Any CPU.ActiveCfg = Debug|Any CPU
		{DECE2F8A-749E-4597-BE68-156284E11C74}.Debug|Any CPU.Build.0 = Debug|Any CPU
		{DECE2F8A-749E-4597-BE68-156284E11C74}.ExportDebug|Any CPU.ActiveCfg = ExportDebug|Any CPU
		{DECE2F8A-749E-4597-BE68-156284E11C74}.ExportDebug|Any CPU.Build.0 = ExportDebug|Any CPU
		{DECE2F8A-749E-4597-BE68-156284E11C74}.ExportRelease|Any CPU.ActiveCfg = ExportRelease|Any CPU
		{DECE2F8A-749E-4597-BE68-156284E11C74}.ExportRelease|Any CPU.Build.0 = ExportRelease|Any CPU
	EndGlobalSection
EndGlobal
